
Microsoft Visual Studio Solution File, Format Version 12.00
# Visual Studio Version 16
VisualStudioVersion = 16.0.29806.167
MinimumVisualStudioVersion = 10.0.40219.1
Project("{9A19103F-16F7-4668-BE54-9A1E7A4F7556}") = "OpenDataEngine", "OpenDataEngine\OpenDataEngine.csproj", "{6DF53056-A91A-47C8-8CFA-9D3EC4FC5CCB}"
EndProject
Project("{9A19103F-16F7-4668-BE54-9A1E7A4F7556}") = "Example", "Example\Example.csproj", "{127FAE6C-A075-4EED-9576-5439FEA52584}"
EndProject
Project("{2150E333-8FDC-42A3-9474-1A3956D46DE8}") = "Solution Items", "Solution Items", "{8C93BB6A-878E-40D8-BBF7-B82896BE295B}"
	ProjectSection(SolutionItems) = preProject
		.editorconfig = .editorconfig
		db.json = db.json
	EndProjectSection
EndProject
Global
	GlobalSection(SolutionConfigurationPlatforms) = preSolution
		Debug|Any CPU = Debug|Any CPU
		Debug|x64 = Debug|x64
		Release|Any CPU = Release|Any CPU
		Release|x64 = Release|x64
	EndGlobalSection
	GlobalSection(ProjectConfigurationPlatforms) = postSolution
		{6DF53056-A91A-47C8-8CFA-9D3EC4FC5CCB}.Debug|Any CPU.ActiveCfg = Debug|x64
		{6DF53056-A91A-47C8-8CFA-9D3EC4FC5CCB}.Debug|x64.ActiveCfg = Debug|x64
		{6DF53056-A91A-47C8-8CFA-9D3EC4FC5CCB}.Debug|x64.Build.0 = Debug|x64
		{6DF53056-A91A-47C8-8CFA-9D3EC4FC5CCB}.Release|Any CPU.ActiveCfg = Release|x64
		{6DF53056-A91A-47C8-8CFA-9D3EC4FC5CCB}.Release|x64.ActiveCfg = Release|x64
		{6DF53056-A91A-47C8-8CFA-9D3EC4FC5CCB}.Release|x64.Build.0 = Release|x64
		{127FAE6C-A075-4EED-9576-5439FEA52584}.Debug|Any CPU.ActiveCfg = Debug|x64
		{127FAE6C-A075-4EED-9576-5439FEA52584}.Debug|x64.ActiveCfg = Debug|x64
		{127FAE6C-A075-4EED-9576-5439FEA52584}.Debug|x64.Build.0 = Debug|x64
		{127FAE6C-A075-4EED-9576-5439FEA52584}.Release|Any CPU.ActiveCfg = Release|x64
		{127FAE6C-A075-4EED-9576-5439FEA52584}.Release|x64.ActiveCfg = Release|x64
		{127FAE6C-A075-4EED-9576-5439FEA52584}.Release|x64.Build.0 = Release|x64
	EndGlobalSection
	GlobalSection(SolutionProperties) = preSolution
		HideSolutionNode = FALSE
	EndGlobalSection
	GlobalSection(ExtensibilityGlobals) = postSolution
		SolutionGuid = {50404044-B441-4E68-AFB9-2F81F83883C3}
	EndGlobalSection
EndGlobal
